
Microsoft Visual Studio Solution File, Format Version 12.00
# Visual Studio Version 16
VisualStudioVersion = 16.0.29418.71
MinimumVisualStudioVersion = 10.0.40219.1
Project("{FAE04EC0-301F-11D3-BF4B-00C04F79EFBC}") = "odbiornik_k", "odbiornik_k\odbiornik_k.csproj", "{9001FED9-91DD-4383-930C-8B3F4D9ED853}"
EndProject
Global
	GlobalSection(SolutionConfigurationPlatforms) = preSolution
		Debug|Any CPU = Debug|Any CPU
		Release|Any CPU = Release|Any CPU
	EndGlobalSection
	GlobalSection(ProjectConfigurationPlatforms) = postSolution
		{9001FED9-91DD-4383-930C-8B3F4D9ED853}.Debug|Any CPU.ActiveCfg = Debug|Any CPU
		{9001FED9-91DD-4383-930C-8B3F4D9ED853}.Debug|Any CPU.Build.0 = Debug|Any CPU
		{9001FED9-91DD-4383-930C-8B3F4D9ED853}.Release|Any CPU.ActiveCfg = Release|Any CPU
		{9001FED9-91DD-4383-930C-8B3F4D9ED853}.Release|Any CPU.Build.0 = Release|Any CPU
	EndGlobalSection
	GlobalSection(SolutionProperties) = preSolution
		HideSolutionNode = FALSE
	EndGlobalSection
	GlobalSection(ExtensibilityGlobals) = postSolution
		SolutionGuid = {836CA975-617A-4E1A-B352-F871187B74B2}
	EndGlobalSection
EndGlobal
