
Microsoft Visual Studio Solution File, Format Version 12.00
# Visual Studio Version 16
VisualStudioVersion = 16.0.29418.71
MinimumVisualStudioVersion = 10.0.40219.1
Project("{FAE04EC0-301F-11D3-BF4B-00C04F79EFBC}") = "odbiornik", "odbiornik\odbiornik.csproj", "{1CB734DC-11D2-42A9-8552-1098133F45C8}"
EndProject
Global
	GlobalSection(SolutionConfigurationPlatforms) = preSolution
		Debug|Any CPU = Debug|Any CPU
		Release|Any CPU = Release|Any CPU
	EndGlobalSection
	GlobalSection(ProjectConfigurationPlatforms) = postSolution
		{1CB734DC-11D2-42A9-8552-1098133F45C8}.Debug|Any CPU.ActiveCfg = Debug|Any CPU
		{1CB734DC-11D2-42A9-8552-1098133F45C8}.Debug|Any CPU.Build.0 = Debug|Any CPU
		{1CB734DC-11D2-42A9-8552-1098133F45C8}.Release|Any CPU.ActiveCfg = Release|Any CPU
		{1CB734DC-11D2-42A9-8552-1098133F45C8}.Release|Any CPU.Build.0 = Release|Any CPU
	EndGlobalSection
	GlobalSection(SolutionProperties) = preSolution
		HideSolutionNode = FALSE
	EndGlobalSection
	GlobalSection(ExtensibilityGlobals) = postSolution
		SolutionGuid = {B7CE329B-E4C0-4AD9-A11D-DB7C0738DBB9}
	EndGlobalSection
EndGlobal
